
Microsoft Visual Studio Solution File, Format Version 12.00
# Visual Studio Version 16
VisualStudioVersion = 16.0.33328.57
MinimumVisualStudioVersion = 10.0.40219.1
Project("{FAE04EC0-301F-11D3-BF4B-00C04F79EFBC}") = "ImpetusLabs", "ImpetusLabs\ImpetusLabs.csproj", "{FC467099-64FB-4C45-8064-0F4527BF95FC}"
EndProject
Global
	GlobalSection(SolutionConfigurationPlatforms) = preSolution
		Debug|Any CPU = Debug|Any CPU
		Release|Any CPU = Release|Any CPU
	EndGlobalSection
	GlobalSection(ProjectConfigurationPlatforms) = postSolution
		{FC467099-64FB-4C45-8064-0F4527BF95FC}.Debug|Any CPU.ActiveCfg = Debug|Any CPU
		{FC467099-64FB-4C45-8064-0F4527BF95FC}.Debug|Any CPU.Build.0 = Debug|Any CPU
		{FC467099-64FB-4C45-8064-0F4527BF95FC}.Release|Any CPU.ActiveCfg = Release|Any CPU
		{FC467099-64FB-4C45-8064-0F4527BF95FC}.Release|Any CPU.Build.0 = Release|Any CPU
	EndGlobalSection
	GlobalSection(SolutionProperties) = preSolution
		HideSolutionNode = FALSE
	EndGlobalSection
	GlobalSection(ExtensibilityGlobals) = postSolution
		SolutionGuid = {5180B148-3EA0-4332-BF07-9DFDACA554E2}
	EndGlobalSection
EndGlobal
